
Microsoft Visual Studio Solution File, Format Version 12.00
# Visual Studio Version 17
VisualStudioVersion = 17.4.33205.214
MinimumVisualStudioVersion = 10.0.40219.1
Project("{FAE04EC0-301F-11D3-BF4B-00C04F79EFBC}") = "WinFormsApp1", "WinFormsApp1.csproj", "{33618BB5-8F3B-402E-AAC0-E4CD532F047D}"
EndProject
Global
	GlobalSection(SolutionConfigurationPlatforms) = preSolution
		Debug|Any CPU = Debug|Any CPU
		Release|Any CPU = Release|Any CPU
	EndGlobalSection
	GlobalSection(ProjectConfigurationPlatforms) = postSolution
		{33618BB5-8F3B-402E-AAC0-E4CD532F047D}.Debug|Any CPU.ActiveCfg = Debug|Any CPU
		{33618BB5-8F3B-402E-AAC0-E4CD532F047D}.Debug|Any CPU.Build.0 = Debug|Any CPU
		{33618BB5-8F3B-402E-AAC0-E4CD532F047D}.Release|Any CPU.ActiveCfg = Release|Any CPU
		{33618BB5-8F3B-402E-AAC0-E4CD532F047D}.Release|Any CPU.Build.0 = Release|Any CPU
	EndGlobalSection
	GlobalSection(SolutionProperties) = preSolution
		HideSolutionNode = FALSE
	EndGlobalSection
	GlobalSection(ExtensibilityGlobals) = postSolution
		SolutionGuid = {5BE08281-5A1E-4DC0-9AE4-E367D63AAB1E}
	EndGlobalSection
EndGlobal
